// !$*UTF8*$!
{
	archiveVersion = 1;
	classes = {
	};
	objectVersion = 56;
	objects = {

/* Begin PBXBuildFile section */
		14BB93242C93754F009F15EA /* ChemCodeApp.swift in Sources */ = {isa = PBXBuildFile; fileRef = 14BB93232C93754F009F15EA /* ChemCodeApp.swift */; };
		14BB93262C93754F009F15EA /* ContentView.swift in Sources */ = {isa = PBXBuildFile; fileRef = 14BB93252C93754F009F15EA /* ContentView.swift */; };
		14BB93282C937551009F15EA /* Assets.xcassets in Resources */ = {isa = PBXBuildFile; fileRef = 14BB93272C937551009F15EA /* Assets.xcassets */; };
		14BB932B2C937551009F15EA /* Preview Assets.xcassets in Resources */ = {isa = PBXBuildFile; fileRef = 14BB932A2C937551009F15EA /* Preview Assets.xcassets */; };
		14BB93332C937591009F15EA /* HttpClient.swift in Sources */ = {isa = PBXBuildFile; fileRef = 14BB93322C937591009F15EA /* HttpClient.swift */; };
		14BB93362C937874009F15EA /* Classroom.swift in Sources */ = {isa = PBXBuildFile; fileRef = 14BB93352C937874009F15EA /* Classroom.swift */; };
		14BB93382C937989009F15EA /* ProblemSet.swift in Sources */ = {isa = PBXBuildFile; fileRef = 14BB93372C937989009F15EA /* ProblemSet.swift */; };
		14BB933A2C9379F5009F15EA /* MultipleChoiceQuestion.swift in Sources */ = {isa = PBXBuildFile; fileRef = 14BB93392C9379F5009F15EA /* MultipleChoiceQuestion.swift */; };
		14BB933C2C937B9F009F15EA /* Question.swift in Sources */ = {isa = PBXBuildFile; fileRef = 14BB933B2C937B9F009F15EA /* Question.swift */; };
/* End PBXBuildFile section */

/* Begin PBXFileReference section */
		14BB93202C93754F009F15EA /* chemcode.app */ = {isa = PBXFileReference; explicitFileType = wrapper.application; includeInIndex = 0; path = chemcode.app; sourceTree = BUILT_PRODUCTS_DIR; };
		14BB93232C93754F009F15EA /* ChemCodeApp.swift */ = {isa = PBXFileReference; lastKnownFileType = sourcecode.swift; path = ChemCodeApp.swift; sourceTree = "<group>"; };
		14BB93252C93754F009F15EA /* ContentView.swift */ = {isa = PBXFileReference; lastKnownFileType = sourcecode.swift; path = ContentView.swift; sourceTree = "<group>"; };
		14BB93272C937551009F15EA /* Assets.xcassets */ = {isa = PBXFileReference; lastKnownFileType = folder.assetcatalog; path = Assets.xcassets; sourceTree = "<group>"; };
		14BB932A2C937551009F15EA /* Preview Assets.xcassets */ = {isa = PBXFileReference; lastKnownFileType = folder.assetcatalog; path = "Preview Assets.xcassets"; sourceTree = "<group>"; };
		14BB93322C937591009F15EA /* HttpClient.swift */ = {isa = PBXFileReference; lastKnownFileType = sourcecode.swift; path = HttpClient.swift; sourceTree = "<group>"; };
		14BB93352C937874009F15EA /* Classroom.swift */ = {isa = PBXFileReference; lastKnownFileType = sourcecode.swift; path = Classroom.swift; sourceTree = "<group>"; };
		14BB93372C937989009F15EA /* ProblemSet.swift */ = {isa = PBXFileReference; lastKnownFileType = sourcecode.swift; path = ProblemSet.swift; sourceTree = "<group>"; };
		14BB93392C9379F5009F15EA /* MultipleChoiceQuestion.swift */ = {isa = PBXFileReference; lastKnownFileType = sourcecode.swift; path = MultipleChoiceQuestion.swift; sourceTree = "<group>"; };
		14BB933B2C937B9F009F15EA /* Question.swift */ = {isa = PBXFileReference; lastKnownFileType = sourcecode.swift; path = Question.swift; sourceTree = "<group>"; };
/* End PBXFileReference section */

/* Begin PBXFrameworksBuildPhase section */
		14BB931D2C93754F009F15EA /* Frameworks */ = {
			isa = PBXFrameworksBuildPhase;
			buildActionMask = 2147483647;
			files = (
			);
			runOnlyForDeploymentPostprocessing = 0;
		};
/* End PBXFrameworksBuildPhase section */

/* Begin PBXGroup section */
		14BB93172C93754F009F15EA = {
			isa = PBXGroup;
			children = (
				14BB93222C93754F009F15EA /* ChemCode */,
				14BB93212C93754F009F15EA /* Products */,
			);
			sourceTree = "<group>";
		};
		14BB93212C93754F009F15EA /* Products */ = {
			isa = PBXGroup;
			children = (
				14BB93202C93754F009F15EA /* chemcode.app */,
			);
			name = Products;
			sourceTree = "<group>";
		};
		14BB93222C93754F009F15EA /* ChemCode */ = {
			isa = PBXGroup;
			children = (
				14BB93342C937861009F15EA /* Models */,
				14BB93312C937573009F15EA /* Managers */,
				14BB93232C93754F009F15EA /* ChemCodeApp.swift */,
				14BB93252C93754F009F15EA /* ContentView.swift */,
				14BB93272C937551009F15EA /* Assets.xcassets */,
				14BB93292C937551009F15EA /* Preview Content */,
			);
			path = ChemCode;
			sourceTree = "<group>";
		};
		14BB93292C937551009F15EA /* Preview Content */ = {
			isa = PBXGroup;
			children = (
				14BB932A2C937551009F15EA /* Preview Assets.xcassets */,
			);
			path = "Preview Content";
			sourceTree = "<group>";
		};
		14BB93312C937573009F15EA /* Managers */ = {
			isa = PBXGroup;
			children = (
				14BB93322C937591009F15EA /* HttpClient.swift */,
			);
			path = Managers;
			sourceTree = "<group>";
		};
		14BB93342C937861009F15EA /* Models */ = {
			isa = PBXGroup;
			children = (
				14BB93352C937874009F15EA /* Classroom.swift */,
				14BB93372C937989009F15EA /* ProblemSet.swift */,
				14BB93392C9379F5009F15EA /* MultipleChoiceQuestion.swift */,
				14BB933B2C937B9F009F15EA /* Question.swift */,
			);
			path = Models;
			sourceTree = "<group>";
		};
/* End PBXGroup section */

/* Begin PBXNativeTarget section */
		14BB931F2C93754F009F15EA /* chemcode */ = {
			isa = PBXNativeTarget;
			buildConfigurationList = 14BB932E2C937551009F15EA /* Build configuration list for PBXNativeTarget "chemcode" */;
			buildPhases = (
				14BB931C2C93754F009F15EA /* Sources */,
				14BB931D2C93754F009F15EA /* Frameworks */,
				14BB931E2C93754F009F15EA /* Resources */,
			);
			buildRules = (
			);
			dependencies = (
			);
			name = chemcode;
			productName = chemcode;
			productReference = 14BB93202C93754F009F15EA /* chemcode.app */;
			productType = "com.apple.product-type.application";
		};
/* End PBXNativeTarget section */

/* Begin PBXProject section */
		14BB93182C93754F009F15EA /* Project object */ = {
			isa = PBXProject;
			attributes = {
				BuildIndependentTargetsInParallel = 1;
				LastSwiftUpdateCheck = 1530;
				LastUpgradeCheck = 1530;
				TargetAttributes = {
					14BB931F2C93754F009F15EA = {
						CreatedOnToolsVersion = 15.3;
					};
				};
			};
			buildConfigurationList = 14BB931B2C93754F009F15EA /* Build configuration list for PBXProject "chemcode" */;
			compatibilityVersion = "Xcode 14.0";
			developmentRegion = en;
			hasScannedForEncodings = 0;
			knownRegions = (
				en,
				Base,
			);
			mainGroup = 14BB93172C93754F009F15EA;
			productRefGroup = 14BB93212C93754F009F15EA /* Products */;
			projectDirPath = "";
			projectRoot = "";
			targets = (
				14BB931F2C93754F009F15EA /* chemcode */,
			);
		};
/* End PBXProject section */

/* Begin PBXResourcesBuildPhase section */
		14BB931E2C93754F009F15EA /* Resources */ = {
			isa = PBXResourcesBuildPhase;
			buildActionMask = 2147483647;
			files = (
				14BB932B2C937551009F15EA /* Preview Assets.xcassets in Resources */,
				14BB93282C937551009F15EA /* Assets.xcassets in Resources */,
			);
			runOnlyForDeploymentPostprocessing = 0;
		};
/* End PBXResourcesBuildPhase section */

/* Begin PBXSourcesBuildPhase section */
		14BB931C2C93754F009F15EA /* Sources */ = {
			isa = PBXSourcesBuildPhase;
			buildActionMask = 2147483647;
			files = (
				14BB93262C93754F009F15EA /* ContentView.swift in Sources */,
				14BB93382C937989009F15EA /* ProblemSet.swift in Sources */,
				14BB93362C937874009F15EA /* Classroom.swift in Sources */,
				14BB93332C937591009F15EA /* HttpClient.swift in Sources */,
				14BB933A2C9379F5009F15EA /* MultipleChoiceQuestion.swift in Sources */,
				14BB933C2C937B9F009F15EA /* Question.swift in Sources */,
				14BB93242C93754F009F15EA /* ChemCodeApp.swift in Sources */,
			);
			runOnlyForDeploymentPostprocessing = 0;
		};
/* End PBXSourcesBuildPhase section */

/* Begin XCBuildConfiguration section */
		14BB932C2C937551009F15EA /* Debug */ = {
			isa = XCBuildConfiguration;
			buildSettings = {
				ALWAYS_SEARCH_USER_PATHS = NO;
				ASSETCATALOG_COMPILER_GENERATE_SWIFT_ASSET_SYMBOL_EXTENSIONS = YES;
				CLANG_ANALYZER_NONNULL = YES;
				CLANG_ANALYZER_NUMBER_OBJECT_CONVERSION = YES_AGGRESSIVE;
				CLANG_CXX_LANGUAGE_STANDARD = "gnu++20";
				CLANG_ENABLE_MODULES = YES;
				CLANG_ENABLE_OBJC_ARC = YES;
				CLANG_ENABLE_OBJC_WEAK = YES;
				CLANG_WARN_BLOCK_CAPTURE_AUTORELEASING = YES;
				CLANG_WARN_BOOL_CONVERSION = YES;
				CLANG_WARN_COMMA = YES;
				CLANG_WARN_CONSTANT_CONVERSION = YES;
				CLANG_WARN_DEPRECATED_OBJC_IMPLEMENTATIONS = YES;
				CLANG_WARN_DIRECT_OBJC_ISA_USAGE = YES_ERROR;
				CLANG_WARN_DOCUMENTATION_COMMENTS = YES;
				CLANG_WARN_EMPTY_BODY = YES;
				CLANG_WARN_ENUM_CONVERSION = YES;
				CLANG_WARN_INFINITE_RECURSION = YES;
				CLANG_WARN_INT_CONVERSION = YES;
				CLANG_WARN_NON_LITERAL_NULL_CONVERSION = YES;
				CLANG_WARN_OBJC_IMPLICIT_RETAIN_SELF = YES;
				CLANG_WARN_OBJC_LITERAL_CONVERSION = YES;
				CLANG_WARN_OBJC_ROOT_CLASS = YES_ERROR;
				CLANG_WARN_QUOTED_INCLUDE_IN_FRAMEWORK_HEADER = YES;
				CLANG_WARN_RANGE_LOOP_ANALYSIS = YES;
				CLANG_WARN_STRICT_PROTOTYPES = YES;
				CLANG_WARN_SUSPICIOUS_MOVE = YES;
				CLANG_WARN_UNGUARDED_AVAILABILITY = YES_AGGRESSIVE;
				CLANG_WARN_UNREACHABLE_CODE = YES;
				CLANG_WARN__DUPLICATE_METHOD_MATCH = YES;
				COPY_PHASE_STRIP = NO;
				DEBUG_INFORMATION_FORMAT = dwarf;
				ENABLE_STRICT_OBJC_MSGSEND = YES;
				ENABLE_TESTABILITY = YES;
				ENABLE_USER_SCRIPT_SANDBOXING = YES;
				GCC_C_LANGUAGE_STANDARD = gnu17;
				GCC_DYNAMIC_NO_PIC = NO;
				GCC_NO_COMMON_BLOCKS = YES;
				GCC_OPTIMIZATION_LEVEL = 0;
				GCC_PREPROCESSOR_DEFINITIONS = (
					"DEBUG=1",
					"$(inherited)",
				);
				GCC_WARN_64_TO_32_BIT_CONVERSION = YES;
				GCC_WARN_ABOUT_RETURN_TYPE = YES_ERROR;
				GCC_WARN_UNDECLARED_SELECTOR = YES;
				GCC_WARN_UNINITIALIZED_AUTOS = YES_AGGRESSIVE;
				GCC_WARN_UNUSED_FUNCTION = YES;
				GCC_WARN_UNUSED_VARIABLE = YES;
				IPHONEOS_DEPLOYMENT_TARGET = 17.4;
				LOCALIZATION_PREFERS_STRING_CATALOGS = YES;
				MTL_ENABLE_DEBUG_INFO = INCLUDE_SOURCE;
				MTL_FAST_MATH = YES;
				ONLY_ACTIVE_ARCH = YES;
				SDKROOT = iphoneos;
				SWIFT_ACTIVE_COMPILATION_CONDITIONS = "DEBUG $(inherited)";
				SWIFT_OPTIMIZATION_LEVEL = "-Onone";
			};
			name = Debug;
		};
		14BB932D2C937551009F15EA /* Release */ = {
			isa = XCBuildConfiguration;
			buildSettings = {
				ALWAYS_SEARCH_USER_PATHS = NO;
				ASSETCATALOG_COMPILER_GENERATE_SWIFT_ASSET_SYMBOL_EXTENSIONS = YES;
				CLANG_ANALYZER_NONNULL = YES;
				CLANG_ANALYZER_NUMBER_OBJECT_CONVERSION = YES_AGGRESSIVE;
				CLANG_CXX_LANGUAGE_STANDARD = "gnu++20";
				CLANG_ENABLE_MODULES = YES;
				CLANG_ENABLE_OBJC_ARC = YES;
				CLANG_ENABLE_OBJC_WEAK = YES;
				CLANG_WARN_BLOCK_CAPTURE_AUTORELEASING = YES;
				CLANG_WARN_BOOL_CONVERSION = YES;
				CLANG_WARN_COMMA = YES;
				CLANG_WARN_CONSTANT_CONVERSION = YES;
				CLANG_WARN_DEPRECATED_OBJC_IMPLEMENTATIONS = YES;
				CLANG_WARN_DIRECT_OBJC_ISA_USAGE = YES_ERROR;
				CLANG_WARN_DOCUMENTATION_COMMENTS = YES;
				CLANG_WARN_EMPTY_BODY = YES;
				CLANG_WARN_ENUM_CONVERSION = YES;
				CLANG_WARN_INFINITE_RECURSION = YES;
				CLANG_WARN_INT_CONVERSION = YES;
				CLANG_WARN_NON_LITERAL_NULL_CONVERSION = YES;
				CLANG_WARN_OBJC_IMPLICIT_RETAIN_SELF = YES;
				CLANG_WARN_OBJC_LITERAL_CONVERSION = YES;
				CLANG_WARN_OBJC_ROOT_CLASS = YES_ERROR;
				CLANG_WARN_QUOTED_INCLUDE_IN_FRAMEWORK_HEADER = YES;
				CLANG_WARN_RANGE_LOOP_ANALYSIS = YES;
				CLANG_WARN_STRICT_PROTOTYPES = YES;
				CLANG_WARN_SUSPICIOUS_MOVE = YES;
				CLANG_WARN_UNGUARDED_AVAILABILITY = YES_AGGRESSIVE;
				CLANG_WARN_UNREACHABLE_CODE = YES;
				CLANG_WARN__DUPLICATE_METHOD_MATCH = YES;
				COPY_PHASE_STRIP = NO;
				DEBUG_INFORMATION_FORMAT = "dwarf-with-dsym";
				ENABLE_NS_ASSERTIONS = NO;
				ENABLE_STRICT_OBJC_MSGSEND = YES;
				ENABLE_USER_SCRIPT_SANDBOXING = YES;
				GCC_C_LANGUAGE_STANDARD = gnu17;
				GCC_NO_COMMON_BLOCKS = YES;
				GCC_WARN_64_TO_32_BIT_CONVERSION = YES;
				GCC_WARN_ABOUT_RETURN_TYPE = YES_ERROR;
				GCC_WARN_UNDECLARED_SELECTOR = YES;
				GCC_WARN_UNINITIALIZED_AUTOS = YES_AGGRESSIVE;
				GCC_WARN_UNUSED_FUNCTION = YES;
				GCC_WARN_UNUSED_VARIABLE = YES;
				IPHONEOS_DEPLOYMENT_TARGET = 17.4;
				LOCALIZATION_PREFERS_STRING_CATALOGS = YES;
				MTL_ENABLE_DEBUG_INFO = NO;
				MTL_FAST_MATH = YES;
				SDKROOT = iphoneos;
				SWIFT_COMPILATION_MODE = wholemodule;
				VALIDATE_PRODUCT = YES;
			};
			name = Release;
		};
		14BB932F2C937551009F15EA /* Debug */ = {
			isa = XCBuildConfiguration;
			buildSettings = {
				ASSETCATALOG_COMPILER_APPICON_NAME = AppIcon;
				ASSETCATALOG_COMPILER_GLOBAL_ACCENT_COLOR_NAME = AccentColor;
				CODE_SIGN_STYLE = Automatic;
				CURRENT_PROJECT_VERSION = 1;
				DEVELOPMENT_ASSET_PATHS = "\"chemcode/Preview Content\"";
				DEVELOPMENT_TEAM = T6D837MWJ7;
				ENABLE_PREVIEWS = YES;
				GENERATE_INFOPLIST_FILE = YES;
				INFOPLIST_KEY_UIApplicationSceneManifest_Generation = YES;
				INFOPLIST_KEY_UIApplicationSupportsIndirectInputEvents = YES;
				INFOPLIST_KEY_UILaunchScreen_Generation = YES;
				INFOPLIST_KEY_UISupportedInterfaceOrientations_iPad = "UIInterfaceOrientationPortrait UIInterfaceOrientationPortraitUpsideDown UIInterfaceOrientationLandscapeLeft UIInterfaceOrientationLandscapeRight";
				INFOPLIST_KEY_UISupportedInterfaceOrientations_iPhone = "UIInterfaceOrientationPortrait UIInterfaceOrientationLandscapeLeft UIInterfaceOrientationLandscapeRight";
				LD_RUNPATH_SEARCH_PATHS = (
					"$(inherited)",
					"@executable_path/Frameworks",
				);
				MARKETING_VERSION = 1.0;
				PRODUCT_BUNDLE_IDENTIFIER = com.mattlinder.chemcode;
				PRODUCT_NAME = "$(TARGET_NAME)";
				SWIFT_EMIT_LOC_STRINGS = YES;
				SWIFT_VERSION = 5.0;
				TARGETED_DEVICE_FAMILY = "1,2";
			};
			name = Debug;
		};
		14BB93302C937551009F15EA /* Release */ = {
			isa = XCBuildConfiguration;
			buildSettings = {
				ASSETCATALOG_COMPILER_APPICON_NAME = AppIcon;
				ASSETCATALOG_COMPILER_GLOBAL_ACCENT_COLOR_NAME = AccentColor;
				CODE_SIGN_STYLE = Automatic;
				CURRENT_PROJECT_VERSION = 1;
				DEVELOPMENT_ASSET_PATHS = "\"chemcode/Preview Content\"";
				DEVELOPMENT_TEAM = T6D837MWJ7;
				ENABLE_PREVIEWS = YES;
				GENERATE_INFOPLIST_FILE = YES;
				INFOPLIST_KEY_UIApplicationSceneManifest_Generation = YES;
				INFOPLIST_KEY_UIApplicationSupportsIndirectInputEvents = YES;
				INFOPLIST_KEY_UILaunchScreen_Generation = YES;
				INFOPLIST_KEY_UISupportedInterfaceOrientations_iPad = "UIInterfaceOrientationPortrait UIInterfaceOrientationPortraitUpsideDown UIInterfaceOrientationLandscapeLeft UIInterfaceOrientationLandscapeRight";
				INFOPLIST_KEY_UISupportedInterfaceOrientations_iPhone = "UIInterfaceOrientationPortrait UIInterfaceOrientationLandscapeLeft UIInterfaceOrientationLandscapeRight";
				LD_RUNPATH_SEARCH_PATHS = (
					"$(inherited)",
					"@executable_path/Frameworks",
				);
				MARKETING_VERSION = 1.0;
				PRODUCT_BUNDLE_IDENTIFIER = com.mattlinder.chemcode;
				PRODUCT_NAME = "$(TARGET_NAME)";
				SWIFT_EMIT_LOC_STRINGS = YES;
				SWIFT_VERSION = 5.0;
				TARGETED_DEVICE_FAMILY = "1,2";
			};
			name = Release;
		};
/* End XCBuildConfiguration section */

/* Begin XCConfigurationList section */
		14BB931B2C93754F009F15EA /* Build configuration list for PBXProject "chemcode" */ = {
			isa = XCConfigurationList;
			buildConfigurations = (
				14BB932C2C937551009F15EA /* Debug */,
				14BB932D2C937551009F15EA /* Release */,
			);
			defaultConfigurationIsVisible = 0;
			defaultConfigurationName = Release;
		};
		14BB932E2C937551009F15EA /* Build configuration list for PBXNativeTarget "chemcode" */ = {
			isa = XCConfigurationList;
			buildConfigurations = (
				14BB932F2C937551009F15EA /* Debug */,
				14BB93302C937551009F15EA /* Release */,
			);
			defaultConfigurationIsVisible = 0;
			defaultConfigurationName = Release;
		};
/* End XCConfigurationList section */
	};
	rootObject = 14BB93182C93754F009F15EA /* Project object */;
}
